
Microsoft Visual Studio Solution File, Format Version 12.00
# Visual Studio Version 17
VisualStudioVersion = 17.3.32929.385
MinimumVisualStudioVersion = 10.0.40219.1
Project("{FAE04EC0-301F-11D3-BF4B-00C04F79EFBC}") = "CreditCardApiSimple", "CreditCardApiSimple.csproj", "{113AB7A2-4364-4C1F-91E1-575DD17FB9AE}"
EndProject
Global
	GlobalSection(SolutionConfigurationPlatforms) = preSolution
		Debug|Any CPU = Debug|Any CPU
		Release|Any CPU = Release|Any CPU
	EndGlobalSection
	GlobalSection(ProjectConfigurationPlatforms) = postSolution
		{113AB7A2-4364-4C1F-91E1-575DD17FB9AE}.Debug|Any CPU.ActiveCfg = Debug|Any CPU
		{113AB7A2-4364-4C1F-91E1-575DD17FB9AE}.Debug|Any CPU.Build.0 = Debug|Any CPU
		{113AB7A2-4364-4C1F-91E1-575DD17FB9AE}.Release|Any CPU.ActiveCfg = Release|Any CPU
		{113AB7A2-4364-4C1F-91E1-575DD17FB9AE}.Release|Any CPU.Build.0 = Release|Any CPU
	EndGlobalSection
	GlobalSection(SolutionProperties) = preSolution
		HideSolutionNode = FALSE
	EndGlobalSection
	GlobalSection(ExtensibilityGlobals) = postSolution
		SolutionGuid = {D95E166A-FFC2-4DA5-AF80-BB347F68675B}
	EndGlobalSection
EndGlobal
